
Microsoft Visual Studio Solution File, Format Version 12.00
# Visual Studio Version 17
VisualStudioVersion = 17.14.36705.20
MinimumVisualStudioVersion = 10.0.40219.1
Project("{FAE04EC0-301F-11D3-BF4B-00C04F79EFBC}") = "SharedKernel", "SharedService\SharedKernel.csproj", "{CC392BCA-03AC-4D91-B54B-F46D36DF31E5}"
EndProject
Project("{FAE04EC0-301F-11D3-BF4B-00C04F79EFBC}") = "Core", "Core\Core.csproj", "{7A090AB8-F622-4322-96E7-806D95F33AF7}"
EndProject
Project("{FAE04EC0-301F-11D3-BF4B-00C04F79EFBC}") = "Framework", "Framework\Framework.csproj", "{0A4738BC-D027-4A80-B7DD-DC85CC3C130C}"
EndProject
Global
	GlobalSection(SolutionConfigurationPlatforms) = preSolution
		Debug|Any CPU = Debug|Any CPU
		Release|Any CPU = Release|Any CPU
	EndGlobalSection
	GlobalSection(ProjectConfigurationPlatforms) = postSolution
		{CC392BCA-03AC-4D91-B54B-F46D36DF31E5}.Debug|Any CPU.ActiveCfg = Debug|Any CPU
		{CC392BCA-03AC-4D91-B54B-F46D36DF31E5}.Debug|Any CPU.Build.0 = Debug|Any CPU
		{CC392BCA-03AC-4D91-B54B-F46D36DF31E5}.Release|Any CPU.ActiveCfg = Release|Any CPU
		{CC392BCA-03AC-4D91-B54B-F46D36DF31E5}.Release|Any CPU.Build.0 = Release|Any CPU
		{7A090AB8-F622-4322-96E7-806D95F33AF7}.Debug|Any CPU.ActiveCfg = Debug|Any CPU
		{7A090AB8-F622-4322-96E7-806D95F33AF7}.Debug|Any CPU.Build.0 = Debug|Any CPU
		{7A090AB8-F622-4322-96E7-806D95F33AF7}.Release|Any CPU.ActiveCfg = Release|Any CPU
		{7A090AB8-F622-4322-96E7-806D95F33AF7}.Release|Any CPU.Build.0 = Release|Any CPU
		{0A4738BC-D027-4A80-B7DD-DC85CC3C130C}.Debug|Any CPU.ActiveCfg = Debug|Any CPU
		{0A4738BC-D027-4A80-B7DD-DC85CC3C130C}.Debug|Any CPU.Build.0 = Debug|Any CPU
		{0A4738BC-D027-4A80-B7DD-DC85CC3C130C}.Release|Any CPU.ActiveCfg = Release|Any CPU
		{0A4738BC-D027-4A80-B7DD-DC85CC3C130C}.Release|Any CPU.Build.0 = Release|Any CPU
	EndGlobalSection
	GlobalSection(SolutionProperties) = preSolution
		HideSolutionNode = FALSE
	EndGlobalSection
	GlobalSection(ExtensibilityGlobals) = postSolution
		SolutionGuid = {7A397DB9-6CEF-4FC8-B877-64B1AFA3BB9C}
	EndGlobalSection
EndGlobal
