
Microsoft Visual Studio Solution File, Format Version 12.00
# Visual Studio Version 17
VisualStudioVersion = 17.13.35919.96
MinimumVisualStudioVersion = 10.0.40219.1
Project("{FAE04EC0-301F-11D3-BF4B-00C04F79EFBC}") = "DirectoryService.Domain", "src\DirectoryService.Domain\DirectoryService.Domain.csproj", "{073E985C-419B-4144-90FE-C29B586296BC}"
EndProject
Project("{FAE04EC0-301F-11D3-BF4B-00C04F79EFBC}") = "DirectoryService.Application", "src\DirectoryService.Application\DirectoryService.Application.csproj", "{385A94BB-2DD2-4E2D-893D-500BA86E0B66}"
EndProject
Project("{FAE04EC0-301F-11D3-BF4B-00C04F79EFBC}") = "DirectoryService.Infrastructure", "src\DirectoryService.Infrastructure\DirectoryService.Infrastructure.csproj", "{139F4FB9-DAD8-48A5-BE58-C5088A266D3D}"
EndProject
Project("{FAE04EC0-301F-11D3-BF4B-00C04F79EFBC}") = "DirectoryService.Contracts", "src\DirectoryService.Contracts\DirectoryService.Contracts.csproj", "{D407E321-1429-4C54-9B7E-7B68C8004F6C}"
EndProject
Project("{2150E333-8FDC-42A3-9474-1A3956D46DE8}") = "src", "src", "{02EA681E-C7D8-13C7-8484-4AC65E1B71E8}"
EndProject
Project("{FAE04EC0-301F-11D3-BF4B-00C04F79EFBC}") = "DirectoryService.Presentation", "src\DirectoryService.Presentation\DirectoryService.Presentation.csproj", "{3414D8A2-73D4-4C75-B521-822D01E3F46C}"
EndProject
Project("{FAE04EC0-301F-11D3-BF4B-00C04F79EFBC}") = "Shared", "Shared\Shared.csproj", "{613D719B-D70F-4F83-AE0B-C1F00245FAC3}"
EndProject
Project("{2150E333-8FDC-42A3-9474-1A3956D46DE8}") = "tests", "tests", "{91D16BE1-E89C-4DF2-82EA-77CCE78E86A0}"
EndProject
Project("{FAE04EC0-301F-11D3-BF4B-00C04F79EFBC}") = "DirectoryService.IntegrationTests", "tests\DirectoryService.IntegrationTests\DirectoryService.IntegrationTests.csproj", "{68AED4D5-FA94-482C-886F-AEE7C3BE605F}"
EndProject
Global
	GlobalSection(SolutionConfigurationPlatforms) = preSolution
		Debug|Any CPU = Debug|Any CPU
		Release|Any CPU = Release|Any CPU
	EndGlobalSection
	GlobalSection(ProjectConfigurationPlatforms) = postSolution
		{073E985C-419B-4144-90FE-C29B586296BC}.Debug|Any CPU.ActiveCfg = Debug|Any CPU
		{073E985C-419B-4144-90FE-C29B586296BC}.Debug|Any CPU.Build.0 = Debug|Any CPU
		{073E985C-419B-4144-90FE-C29B586296BC}.Release|Any CPU.ActiveCfg = Release|Any CPU
		{073E985C-419B-4144-90FE-C29B586296BC}.Release|Any CPU.Build.0 = Release|Any CPU
		{385A94BB-2DD2-4E2D-893D-500BA86E0B66}.Debug|Any CPU.ActiveCfg = Debug|Any CPU
		{385A94BB-2DD2-4E2D-893D-500BA86E0B66}.Debug|Any CPU.Build.0 = Debug|Any CPU
		{385A94BB-2DD2-4E2D-893D-500BA86E0B66}.Release|Any CPU.ActiveCfg = Release|Any CPU
		{385A94BB-2DD2-4E2D-893D-500BA86E0B66}.Release|Any CPU.Build.0 = Release|Any CPU
		{139F4FB9-DAD8-48A5-BE58-C5088A266D3D}.Debug|Any CPU.ActiveCfg = Debug|Any CPU
		{139F4FB9-DAD8-48A5-BE58-C5088A266D3D}.Debug|Any CPU.Build.0 = Debug|Any CPU
		{139F4FB9-DAD8-48A5-BE58-C5088A266D3D}.Release|Any CPU.ActiveCfg = Release|Any CPU
		{139F4FB9-DAD8-48A5-BE58-C5088A266D3D}.Release|Any CPU.Build.0 = Release|Any CPU
		{D407E321-1429-4C54-9B7E-7B68C8004F6C}.Debug|Any CPU.ActiveCfg = Debug|Any CPU
		{D407E321-1429-4C54-9B7E-7B68C8004F6C}.Debug|Any CPU.Build.0 = Debug|Any CPU
		{D407E321-1429-4C54-9B7E-7B68C8004F6C}.Release|Any CPU.ActiveCfg = Release|Any CPU
		{D407E321-1429-4C54-9B7E-7B68C8004F6C}.Release|Any CPU.Build.0 = Release|Any CPU
		{3414D8A2-73D4-4C75-B521-822D01E3F46C}.Debug|Any CPU.ActiveCfg = Debug|Any CPU
		{3414D8A2-73D4-4C75-B521-822D01E3F46C}.Debug|Any CPU.Build.0 = Debug|Any CPU
		{3414D8A2-73D4-4C75-B521-822D01E3F46C}.Release|Any CPU.ActiveCfg = Release|Any CPU
		{3414D8A2-73D4-4C75-B521-822D01E3F46C}.Release|Any CPU.Build.0 = Release|Any CPU
		{613D719B-D70F-4F83-AE0B-C1F00245FAC3}.Debug|Any CPU.ActiveCfg = Debug|Any CPU
		{613D719B-D70F-4F83-AE0B-C1F00245FAC3}.Debug|Any CPU.Build.0 = Debug|Any CPU
		{613D719B-D70F-4F83-AE0B-C1F00245FAC3}.Release|Any CPU.ActiveCfg = Release|Any CPU
		{613D719B-D70F-4F83-AE0B-C1F00245FAC3}.Release|Any CPU.Build.0 = Release|Any CPU
		{68AED4D5-FA94-482C-886F-AEE7C3BE605F}.Debug|Any CPU.ActiveCfg = Debug|Any CPU
		{68AED4D5-FA94-482C-886F-AEE7C3BE605F}.Debug|Any CPU.Build.0 = Debug|Any CPU
		{68AED4D5-FA94-482C-886F-AEE7C3BE605F}.Release|Any CPU.ActiveCfg = Release|Any CPU
		{68AED4D5-FA94-482C-886F-AEE7C3BE605F}.Release|Any CPU.Build.0 = Release|Any CPU
	EndGlobalSection
	GlobalSection(SolutionProperties) = preSolution
		HideSolutionNode = FALSE
	EndGlobalSection
	GlobalSection(NestedProjects) = preSolution
		{073E985C-419B-4144-90FE-C29B586296BC} = {02EA681E-C7D8-13C7-8484-4AC65E1B71E8}
		{385A94BB-2DD2-4E2D-893D-500BA86E0B66} = {02EA681E-C7D8-13C7-8484-4AC65E1B71E8}
		{139F4FB9-DAD8-48A5-BE58-C5088A266D3D} = {02EA681E-C7D8-13C7-8484-4AC65E1B71E8}
		{D407E321-1429-4C54-9B7E-7B68C8004F6C} = {02EA681E-C7D8-13C7-8484-4AC65E1B71E8}
		{3414D8A2-73D4-4C75-B521-822D01E3F46C} = {02EA681E-C7D8-13C7-8484-4AC65E1B71E8}
		{613D719B-D70F-4F83-AE0B-C1F00245FAC3} = {02EA681E-C7D8-13C7-8484-4AC65E1B71E8}
		{68AED4D5-FA94-482C-886F-AEE7C3BE605F} = {91D16BE1-E89C-4DF2-82EA-77CCE78E86A0}
	EndGlobalSection
	GlobalSection(ExtensibilityGlobals) = postSolution
		SolutionGuid = {2B54DFEF-F481-4A16-87AF-1721EAFDB5B1}
	EndGlobalSection
EndGlobal
